schema: '2.0'
stages:
  data_ingestion:
    cmd: python src/data/data_ingestion.py
    deps:
    - path: src/data/data_ingestion.py
      hash: md5
      md5: 13a70b444d6f6a462afc34529ac08493
      size: 4122
    params:
      params.yaml:
        data_ingestion.test_size: 0.2
    outs:
    - path: data/raw
      hash: md5
      md5: 6d7c9717b531961233cd66af69381384.dir
      size: 817597
      nfiles: 2
  data_preprocessing:
    cmd: python src/data/data_preprocessing.py
    deps:
    - path: data/raw
      hash: md5
      md5: 6d7c9717b531961233cd66af69381384.dir
      size: 817597
      nfiles: 2
    - path: src/data/data_preprocessing.py
      hash: md5
      md5: 68703647a5c14f89f70742d2de97d68e
      size: 5719
    outs:
    - path: data/interim
      hash: md5
      md5: c0029f48fa887d94d28280ab43380345.dir
      size: 546935
      nfiles: 2
  feature_engineering:
    cmd: python src/features/feature_engineering.py
    deps:
    - path: data/interim
      hash: md5
      md5: c0029f48fa887d94d28280ab43380345.dir
      size: 546935
      nfiles: 2
    - path: src/features/feature_engineering.py
      hash: md5
      md5: f97e8e63931e34c180a0ab9eb0ce0bba
      size: 3656
    params:
      params.yaml:
        feature_engineering.max_features: 500
    outs:
    - path: data/processed
      hash: md5
      md5: 319f389f56124e96841ac0e3a504fd50.dir
      size: 10398540
      nfiles: 2
  model_building:
    cmd: python src/models/model_building.py
    deps:
    - path: data/processed
      hash: md5
      md5: 319f389f56124e96841ac0e3a504fd50.dir
      size: 10398540
      nfiles: 2
    - path: src/models/model_building.py
      hash: md5
      md5: c7939d0316190d034bd4ae51a9b31839
      size: 6952
    params:
      params.yaml:
        model_building.learning_rate: 0.1
        model_building.max_depth: 3
        model_building.n_estimators: 100
    outs:
    - path: model/model.pkl
      hash: md5
      md5: 9633e0b9e4127f1efdabd0fde87102bb
      size: 133007
    - path: reports/run_info.json
      hash: md5
      md5: 661a5763142a34ee0761918cdba7eb54
      size: 46
  model_evaluation:
    cmd: python src/models/model_evaluation.py
    deps:
    - path: data/processed/test_bow.csv
      hash: md5
      md5: a62be2ce80efc7ae2fd18ec53fdb0411
      size: 2081046
    - path: model/model.pkl
      hash: md5
      md5: 9633e0b9e4127f1efdabd0fde87102bb
      size: 133007
    - path: src/models/model_evaluation.py
      hash: md5
      md5: ccdd5fcb9242acc906a27c1d8c96a7db
      size: 4571
    outs:
    - path: reports/metrics.json
      hash: md5
      md5: 592a52cc7102606c7941c3966d8ee45b
      size: 175
