schema: '2.0'
stages:
  data_ingestion:
    cmd: python src/data/data_ingestion.py
    deps:
    - path: src/data/data_ingestion.py
      hash: md5
      md5: 1c46b689ec7ceda5a43fa660de496611
      size: 3771
    params:
      params.yaml:
        data_ingestion.test_size: 0.2
    outs:
    - path: data/raw
      hash: md5
      md5: 6d7c9717b531961233cd66af69381384.dir
      size: 817597
      nfiles: 2
  data_preprocessing:
    cmd: python src/data/data_preprocessing.py
    deps:
    - path: data/raw
      hash: md5
      md5: 6d7c9717b531961233cd66af69381384.dir
      size: 817597
      nfiles: 2
    - path: src/data/data_preprocessing.py
      hash: md5
      md5: 776a62819d9a92935e659a2fa269c1b1
      size: 5354
    outs:
    - path: data/interim
      hash: md5
      md5: c0029f48fa887d94d28280ab43380345.dir
      size: 546935
      nfiles: 2
  feature_engineering:
    cmd: python src/features/feature_engineering.py
    deps:
    - path: data/interim
      hash: md5
      md5: c0029f48fa887d94d28280ab43380345.dir
      size: 546935
      nfiles: 2
    - path: src/features/feature_engineering.py
      hash: md5
      md5: b3a4c554c531857c4fd7b813f98ebfea
      size: 3535
    params:
      params.yaml:
        feature_engineering.max_features: 500
    outs:
    - path: data/processed
      hash: md5
      md5: 319f389f56124e96841ac0e3a504fd50.dir
      size: 10398540
      nfiles: 2
  model_building:
    cmd: python src/models/model_building.py
    deps:
    - path: data/processed
      hash: md5
      md5: 319f389f56124e96841ac0e3a504fd50.dir
      size: 10398540
      nfiles: 2
    - path: src/models/model_building.py
      hash: md5
      md5: 9d9777d92eff94d333abc27e7401098c
      size: 6570
    params:
      params.yaml:
        model_building.learning_rate: 0.1
        model_building.max_depth: 3
        model_building.n_estimators: 100
    outs:
    - path: model/model.joblib
      hash: md5
      md5: 08ccca229c4f3e59d8b11019f48e2153
      size: 136392
    - path: reports/run_info.json
      hash: md5
      md5: 70d7548477d00fca7d5d6373bea76111
      size: 46
  model_evaluation:
    cmd: python src/models/model_evaluation.py
    deps:
    - path: data/processed/test_bow.csv
      hash: md5
      md5: a62be2ce80efc7ae2fd18ec53fdb0411
      size: 2081046
    - path: model/model.joblib
      hash: md5
      md5: 08ccca229c4f3e59d8b11019f48e2153
      size: 136392
    - path: src/models/model_evaluation.py
      hash: md5
      md5: ed163ac53e0b66e977141a82ccc9d07a
      size: 4265
    outs:
    - path: reports/metrics.json
      hash: md5
      md5: 6f3d70cbcedcbea3edb5cf7e2545635d
      size: 176
